
Microsoft Visual Studio Solution File, Format Version 12.00
# Visual Studio Version 17
VisualStudioVersion = 17.2.32516.85
MinimumVisualStudioVersion = 10.0.40219.1
Project("{FAE04EC0-301F-11D3-BF4B-00C04F79EFBC}") = "ProductReviewManagement", "ProductReviewManagement\ProductReviewManagement.csproj", "{4B3C485D-FDC9-462D-BC2F-F0B624CF1BAD}"
EndProject
Global
	GlobalSection(SolutionConfigurationPlatforms) = preSolution
		Debug|Any CPU = Debug|Any CPU
		Release|Any CPU = Release|Any CPU
	EndGlobalSection
	GlobalSection(ProjectConfigurationPlatforms) = postSolution
		{4B3C485D-FDC9-462D-BC2F-F0B624CF1BAD}.Debug|Any CPU.ActiveCfg = Debug|Any CPU
		{4B3C485D-FDC9-462D-BC2F-F0B624CF1BAD}.Debug|Any CPU.Build.0 = Debug|Any CPU
		{4B3C485D-FDC9-462D-BC2F-F0B624CF1BAD}.Release|Any CPU.ActiveCfg = Release|Any CPU
		{4B3C485D-FDC9-462D-BC2F-F0B624CF1BAD}.Release|Any CPU.Build.0 = Release|Any CPU
	EndGlobalSection
	GlobalSection(SolutionProperties) = preSolution
		HideSolutionNode = FALSE
	EndGlobalSection
	GlobalSection(ExtensibilityGlobals) = postSolution
		SolutionGuid = {5A0BAACC-A29C-46E0-977B-E90807B5F8E4}
	EndGlobalSection
EndGlobal
